
Microsoft Visual Studio Solution File, Format Version 12.00
# Visual Studio Version 17
VisualStudioVersion = 17.11.35327.3
MinimumVisualStudioVersion = 10.0.40219.1
Project("{FAE04EC0-301F-11D3-BF4B-00C04F79EFBC}") = "MyCSharpDesktopDevelopment", "MyCSharpDesktopDevelopment\MyCSharpDesktopDevelopment.csproj", "{39DC723D-027C-498E-8070-53CCF1E73C0C}"
EndProject
Global
	GlobalSection(SolutionConfigurationPlatforms) = preSolution
		Debug|Any CPU = Debug|Any CPU
		Release|Any CPU = Release|Any CPU
	EndGlobalSection
	GlobalSection(ProjectConfigurationPlatforms) = postSolution
		{39DC723D-027C-498E-8070-53CCF1E73C0C}.Debug|Any CPU.ActiveCfg = Debug|Any CPU
		{39DC723D-027C-498E-8070-53CCF1E73C0C}.Debug|Any CPU.Build.0 = Debug|Any CPU
		{39DC723D-027C-498E-8070-53CCF1E73C0C}.Release|Any CPU.ActiveCfg = Release|Any CPU
		{39DC723D-027C-498E-8070-53CCF1E73C0C}.Release|Any CPU.Build.0 = Release|Any CPU
	EndGlobalSection
	GlobalSection(SolutionProperties) = preSolution
		HideSolutionNode = FALSE
	EndGlobalSection
	GlobalSection(ExtensibilityGlobals) = postSolution
		SolutionGuid = {46D2319B-D10D-4516-9C43-B811D5A767BE}
	EndGlobalSection
EndGlobal
